{
    "_meta": {
        "hash": {
            "sha256": "77490c8738c361a3ecde8bdb68bd63acb0ef4c2a5ffa814e413a7eefc1758c6d"
        },
        "pipfile-spec": 6,
        "requires": {
            "python_version": "3.8.13"
        },
        "sources": [
            {
                "name": "pypi",
                "url": "https://pypi.org/simple",
                "verify_ssl": true
            }
        ]
    },
    "default": {},
    "develop": {}
}
